// !$*UTF8*$!
{
	archiveVersion = 1;
	classes = {
	};
	objectVersion = 50;
	objects = {

/* Begin PBXBuildFile section */
		BFD006922475BD3C003003B0 /* AppDelegate.swift in Sources */ = {isa = PBXBuildFile; fileRef = BFD006912475BD3C003003B0 /* AppDelegate.swift */; };
		BFD006942475BD3C003003B0 /* SceneDelegate.swift in Sources */ = {isa = PBXBuildFile; fileRef = BFD006932475BD3C003003B0 /* SceneDelegate.swift */; };
		BFD006962475BD3C003003B0 /* ViewController.swift in Sources */ = {isa = PBXBuildFile; fileRef = BFD006952475BD3C003003B0 /* ViewController.swift */; };
		BFD006992475BD3C003003B0 /* Main.storyboard in Resources */ = {isa = PBXBuildFile; fileRef = BFD006972475BD3C003003B0 /* Main.storyboard */; };
		BFD0069B2475BD3E003003B0 /* Assets.xcassets in Resources */ = {isa = PBXBuildFile; fileRef = BFD0069A2475BD3E003003B0 /* Assets.xcassets */; };
		BFD0069E2475BD3E003003B0 /* LaunchScreen.storyboard in Resources */ = {isa = PBXBuildFile; fileRef = BFD0069C2475BD3E003003B0 /* LaunchScreen.storyboard */; };
		E279F9CC2475C1B400FFF452 /* anagram.swift in Sources */ = {isa = PBXBuildFile; fileRef = E279F9CB2475C1B400FFF452 /* anagram.swift */; };
/* End PBXBuildFile section */

/* Begin PBXFileReference section */
		BFD0068E2475BD3C003003B0 /* WordChallenge.app */ = {isa = PBXFileReference; explicitFileType = wrapper.application; includeInIndex = 0; path = WordChallenge.app; sourceTree = BUILT_PRODUCTS_DIR; };
		BFD006912475BD3C003003B0 /* AppDelegate.swift */ = {isa = PBXFileReference; lastKnownFileType = sourcecode.swift; path = AppDelegate.swift; sourceTree = "<group>"; };
		BFD006932475BD3C003003B0 /* SceneDelegate.swift */ = {isa = PBXFileReference; lastKnownFileType = sourcecode.swift; path = SceneDelegate.swift; sourceTree = "<group>"; };
		BFD006952475BD3C003003B0 /* ViewController.swift */ = {isa = PBXFileReference; lastKnownFileType = sourcecode.swift; path = ViewController.swift; sourceTree = "<group>"; };
		BFD006982475BD3C003003B0 /* Base */ = {isa = PBXFileReference; lastKnownFileType = file.storyboard; name = Base; path = Base.lproj/Main.storyboard; sourceTree = "<group>"; };
		BFD0069A2475BD3E003003B0 /* Assets.xcassets */ = {isa = PBXFileReference; lastKnownFileType = folder.assetcatalog; path = Assets.xcassets; sourceTree = "<group>"; };
		BFD0069D2475BD3E003003B0 /* Base */ = {isa = PBXFileReference; lastKnownFileType = file.storyboard; name = Base; path = Base.lproj/LaunchScreen.storyboard; sourceTree = "<group>"; };
		BFD0069F2475BD3E003003B0 /* Info.plist */ = {isa = PBXFileReference; lastKnownFileType = text.plist.xml; path = Info.plist; sourceTree = "<group>"; };
		E279F9CB2475C1B400FFF452 /* anagram.swift */ = {isa = PBXFileReference; lastKnownFileType = sourcecode.swift; path = anagram.swift; sourceTree = "<group>"; };
/* End PBXFileReference section */

/* Begin PBXFrameworksBuildPhase section */
		BFD0068B2475BD3C003003B0 /* Frameworks */ = {
			isa = PBXFrameworksBuildPhase;
			buildActionMask = 2147483647;
			files = (
			);
			runOnlyForDeploymentPostprocessing = 0;
		};
/* End PBXFrameworksBuildPhase section */

/* Begin PBXGroup section */
		BFD006852475BD3C003003B0 = {
			isa = PBXGroup;
			children = (
				E279F9CA2475C19900FFF452 /* model */,
				BFD006902475BD3C003003B0 /* WordChallenge */,
				BFD0068F2475BD3C003003B0 /* Products */,
			);
			sourceTree = "<group>";
		};
		BFD0068F2475BD3C003003B0 /* Products */ = {
			isa = PBXGroup;
			children = (
				BFD0068E2475BD3C003003B0 /* WordChallenge.app */,
			);
			name = Products;
			sourceTree = "<group>";
		};
		BFD006902475BD3C003003B0 /* WordChallenge */ = {
			isa = PBXGroup;
			children = (
				BFD006952475BD3C003003B0 /* ViewController.swift */,
				BFD006972475BD3C003003B0 /* Main.storyboard */,
				BFD006A52475BE88003003B0 /* Resources */,
			);
			path = WordChallenge;
			sourceTree = "<group>";
		};
		BFD006A52475BE88003003B0 /* Resources */ = {
			isa = PBXGroup;
			children = (
				BFD006912475BD3C003003B0 /* AppDelegate.swift */,
				BFD006932475BD3C003003B0 /* SceneDelegate.swift */,
				BFD0069A2475BD3E003003B0 /* Assets.xcassets */,
				BFD0069C2475BD3E003003B0 /* LaunchScreen.storyboard */,
				BFD0069F2475BD3E003003B0 /* Info.plist */,
			);
			path = Resources;
			sourceTree = "<group>";
		};
		E279F9CA2475C19900FFF452 /* model */ = {
			isa = PBXGroup;
			children = (
				E279F9CB2475C1B400FFF452 /* anagram.swift */,
			);
			path = model;
			sourceTree = "<group>";
		};
/* End PBXGroup section */

/* Begin PBXNativeTarget section */
		BFD0068D2475BD3C003003B0 /* WordChallenge */ = {
			isa = PBXNativeTarget;
			buildConfigurationList = BFD006A22475BD3E003003B0 /* Build configuration list for PBXNativeTarget "WordChallenge" */;
			buildPhases = (
				BFD0068A2475BD3C003003B0 /* Sources */,
				BFD0068B2475BD3C003003B0 /* Frameworks */,
				BFD0068C2475BD3C003003B0 /* Resources */,
			);
			buildRules = (
			);
			dependencies = (
			);
			name = WordChallenge;
			productName = WordChallenge;
			productReference = BFD0068E2475BD3C003003B0 /* WordChallenge.app */;
			productType = "com.apple.product-type.application";
		};
/* End PBXNativeTarget section */

/* Begin PBXProject section */
		BFD006862475BD3C003003B0 /* Project object */ = {
			isa = PBXProject;
			attributes = {
				LastSwiftUpdateCheck = 1140;
				LastUpgradeCheck = 1140;
				ORGANIZATIONNAME = Jimmy;
				TargetAttributes = {
					BFD0068D2475BD3C003003B0 = {
						CreatedOnToolsVersion = 11.4.1;
					};
				};
			};
			buildConfigurationList = BFD006892475BD3C003003B0 /* Build configuration list for PBXProject "WordChallenge" */;
			compatibilityVersion = "Xcode 9.3";
			developmentRegion = en;
			hasScannedForEncodings = 0;
			knownRegions = (
				en,
				Base,
			);
			mainGroup = BFD006852475BD3C003003B0;
			productRefGroup = BFD0068F2475BD3C003003B0 /* Products */;
			projectDirPath = "";
			projectRoot = "";
			targets = (
				BFD0068D2475BD3C003003B0 /* WordChallenge */,
			);
		};
/* End PBXProject section */

/* Begin PBXResourcesBuildPhase section */
		BFD0068C2475BD3C003003B0 /* Resources */ = {
			isa = PBXResourcesBuildPhase;
			buildActionMask = 2147483647;
			files = (
				BFD0069E2475BD3E003003B0 /* LaunchScreen.storyboard in Resources */,
				BFD0069B2475BD3E003003B0 /* Assets.xcassets in Resources */,
				BFD006992475BD3C003003B0 /* Main.storyboard in Resources */,
			);
			runOnlyForDeploymentPostprocessing = 0;
		};
/* End PBXResourcesBuildPhase section */

/* Begin PBXSourcesBuildPhase section */
		BFD0068A2475BD3C003003B0 /* Sources */ = {
			isa = PBXSourcesBuildPhase;
			buildActionMask = 2147483647;
			files = (
				BFD006962475BD3C003003B0 /* ViewController.swift in Sources */,
				BFD006922475BD3C003003B0 /* AppDelegate.swift in Sources */,
				BFD006942475BD3C003003B0 /* SceneDelegate.swift in Sources */,
				E279F9CC2475C1B400FFF452 /* anagram.swift in Sources */,
			);
			runOnlyForDeploymentPostprocessing = 0;
		};
/* End PBXSourcesBuildPhase section */

/* Begin PBXVariantGroup section */
		BFD006972475BD3C003003B0 /* Main.storyboard */ = {
			isa = PBXVariantGroup;
			children = (
				BFD006982475BD3C003003B0 /* Base */,
			);
			name = Main.storyboard;
			sourceTree = "<group>";
		};
		BFD0069C2475BD3E003003B0 /* LaunchScreen.storyboard */ = {
			isa = PBXVariantGroup;
			children = (
				BFD0069D2475BD3E003003B0 /* Base */,
			);
			name = LaunchScreen.storyboard;
			sourceTree = "<group>";
		};
/* End PBXVariantGroup section */

/* Begin XCBuildConfiguration section */
		BFD006A02475BD3E003003B0 /* Debug */ = {
			isa = XCBuildConfiguration;
			buildSettings = {
				ALWAYS_SEARCH_USER_PATHS = NO;
				CLANG_ANALYZER_NONNULL = YES;
				CLANG_ANALYZER_NUMBER_OBJECT_CONVERSION = YES_AGGRESSIVE;
				CLANG_CXX_LANGUAGE_STANDARD = "gnu++14";
				CLANG_CXX_LIBRARY = "libc++";
				CLANG_ENABLE_MODULES = YES;
				CLANG_ENABLE_OBJC_ARC = YES;
				CLANG_ENABLE_OBJC_WEAK = YES;
				CLANG_WARN_BLOCK_CAPTURE_AUTORELEASING = YES;
				CLANG_WARN_BOOL_CONVERSION = YES;
				CLANG_WARN_COMMA = YES;
				CLANG_WARN_CONSTANT_CONVERSION = YES;
				CLANG_WARN_DEPRECATED_OBJC_IMPLEMENTATIONS = YES;
				CLANG_WARN_DIRECT_OBJC_ISA_USAGE = YES_ERROR;
				CLANG_WARN_DOCUMENTATION_COMMENTS = YES;
				CLANG_WARN_EMPTY_BODY = YES;
				CLANG_WARN_ENUM_CONVERSION = YES;
				CLANG_WARN_INFINITE_RECURSION = YES;
				CLANG_WARN_INT_CONVERSION = YES;
				CLANG_WARN_NON_LITERAL_NULL_CONVERSION = YES;
				CLANG_WARN_OBJC_IMPLICIT_RETAIN_SELF = YES;
				CLANG_WARN_OBJC_LITERAL_CONVERSION = YES;
				CLANG_WARN_OBJC_ROOT_CLASS = YES_ERROR;
				CLANG_WARN_RANGE_LOOP_ANALYSIS = YES;
				CLANG_WARN_STRICT_PROTOTYPES = YES;
				CLANG_WARN_SUSPICIOUS_MOVE = YES;
				CLANG_WARN_UNGUARDED_AVAILABILITY = YES_AGGRESSIVE;
				CLANG_WARN_UNREACHABLE_CODE = YES;
				CLANG_WARN__DUPLICATE_METHOD_MATCH = YES;
				COPY_PHASE_STRIP = NO;
				DEBUG_INFORMATION_FORMAT = dwarf;
				ENABLE_STRICT_OBJC_MSGSEND = YES;
				ENABLE_TESTABILITY = YES;
				GCC_C_LANGUAGE_STANDARD = gnu11;
				GCC_DYNAMIC_NO_PIC = NO;
				GCC_NO_COMMON_BLOCKS = YES;
				GCC_OPTIMIZATION_LEVEL = 0;
				GCC_PREPROCESSOR_DEFINITIONS = (
					"DEBUG=1",
					"$(inherited)",
				);
				GCC_WARN_64_TO_32_BIT_CONVERSION = YES;
				GCC_WARN_ABOUT_RETURN_TYPE = YES_ERROR;
				GCC_WARN_UNDECLARED_SELECTOR = YES;
				GCC_WARN_UNINITIALIZED_AUTOS = YES_AGGRESSIVE;
				GCC_WARN_UNUSED_FUNCTION = YES;
				GCC_WARN_UNUSED_VARIABLE = YES;
				IPHONEOS_DEPLOYMENT_TARGET = 13.4;
				MTL_ENABLE_DEBUG_INFO = INCLUDE_SOURCE;
				MTL_FAST_MATH = YES;
				ONLY_ACTIVE_ARCH = YES;
				SDKROOT = iphoneos;
				SWIFT_ACTIVE_COMPILATION_CONDITIONS = DEBUG;
				SWIFT_OPTIMIZATION_LEVEL = "-Onone";
			};
			name = Debug;
		};
		BFD006A12475BD3E003003B0 /* Release */ = {
			isa = XCBuildConfiguration;
			buildSettings = {
				ALWAYS_SEARCH_USER_PATHS = NO;
				CLANG_ANALYZER_NONNULL = YES;
				CLANG_ANALYZER_NUMBER_OBJECT_CONVERSION = YES_AGGRESSIVE;
				CLANG_CXX_LANGUAGE_STANDARD = "gnu++14";
				CLANG_CXX_LIBRARY = "libc++";
				CLANG_ENABLE_MODULES = YES;
				CLANG_ENABLE_OBJC_ARC = YES;
				CLANG_ENABLE_OBJC_WEAK = YES;
				CLANG_WARN_BLOCK_CAPTURE_AUTORELEASING = YES;
				CLANG_WARN_BOOL_CONVERSION = YES;
				CLANG_WARN_COMMA = YES;
				CLANG_WARN_CONSTANT_CONVERSION = YES;
				CLANG_WARN_DEPRECATED_OBJC_IMPLEMENTATIONS = YES;
				CLANG_WARN_DIRECT_OBJC_ISA_USAGE = YES_ERROR;
				CLANG_WARN_DOCUMENTATION_COMMENTS = YES;
				CLANG_WARN_EMPTY_BODY = YES;
				CLANG_WARN_ENUM_CONVERSION = YES;
				CLANG_WARN_INFINITE_RECURSION = YES;
				CLANG_WARN_INT_CONVERSION = YES;
				CLANG_WARN_NON_LITERAL_NULL_CONVERSION = YES;
				CLANG_WARN_OBJC_IMPLICIT_RETAIN_SELF = YES;
				CLANG_WARN_OBJC_LITERAL_CONVERSION = YES;
				CLANG_WARN_OBJC_ROOT_CLASS = YES_ERROR;
				CLANG_WARN_RANGE_LOOP_ANALYSIS = YES;
				CLANG_WARN_STRICT_PROTOTYPES = YES;
				CLANG_WARN_SUSPICIOUS_MOVE = YES;
				CLANG_WARN_UNGUARDED_AVAILABILITY = YES_AGGRESSIVE;
				CLANG_WARN_UNREACHABLE_CODE = YES;
				CLANG_WARN__DUPLICATE_METHOD_MATCH = YES;
				COPY_PHASE_STRIP = NO;
				DEBUG_INFORMATION_FORMAT = "dwarf-with-dsym";
				ENABLE_NS_ASSERTIONS = NO;
				ENABLE_STRICT_OBJC_MSGSEND = YES;
				GCC_C_LANGUAGE_STANDARD = gnu11;
				GCC_NO_COMMON_BLOCKS = YES;
				GCC_WARN_64_TO_32_BIT_CONVERSION = YES;
				GCC_WARN_ABOUT_RETURN_TYPE = YES_ERROR;
				GCC_WARN_UNDECLARED_SELECTOR = YES;
				GCC_WARN_UNINITIALIZED_AUTOS = YES_AGGRESSIVE;
				GCC_WARN_UNUSED_FUNCTION = YES;
				GCC_WARN_UNUSED_VARIABLE = YES;
				IPHONEOS_DEPLOYMENT_TARGET = 13.4;
				MTL_ENABLE_DEBUG_INFO = NO;
				MTL_FAST_MATH = YES;
				SDKROOT = iphoneos;
				SWIFT_COMPILATION_MODE = wholemodule;
				SWIFT_OPTIMIZATION_LEVEL = "-O";
				VALIDATE_PRODUCT = YES;
			};
			name = Release;
		};
		BFD006A32475BD3E003003B0 /* Debug */ = {
			isa = XCBuildConfiguration;
			buildSettings = {
				ASSETCATALOG_COMPILER_APPICON_NAME = AppIcon;
				CODE_SIGN_STYLE = Automatic;
				DEVELOPMENT_TEAM = 22HUHPT9D9;
				INFOPLIST_FILE = WordChallenge/Resources/Info.plist;
				LD_RUNPATH_SEARCH_PATHS = (
					"$(inherited)",
					"@executable_path/Frameworks",
				);
				PRODUCT_BUNDLE_IDENTIFIER = dev.jimmybrown.WordChallenge;
				PRODUCT_NAME = "$(TARGET_NAME)";
				SWIFT_VERSION = 5.0;
				TARGETED_DEVICE_FAMILY = "1,2";
			};
			name = Debug;
		};
		BFD006A42475BD3E003003B0 /* Release */ = {
			isa = XCBuildConfiguration;
			buildSettings = {
				ASSETCATALOG_COMPILER_APPICON_NAME = AppIcon;
				CODE_SIGN_STYLE = Automatic;
				DEVELOPMENT_TEAM = 22HUHPT9D9;
				INFOPLIST_FILE = WordChallenge/Resources/Info.plist;
				LD_RUNPATH_SEARCH_PATHS = (
					"$(inherited)",
					"@executable_path/Frameworks",
				);
				PRODUCT_BUNDLE_IDENTIFIER = dev.jimmybrown.WordChallenge;
				PRODUCT_NAME = "$(TARGET_NAME)";
				SWIFT_VERSION = 5.0;
				TARGETED_DEVICE_FAMILY = "1,2";
			};
			name = Release;
		};
/* End XCBuildConfiguration section */

/* Begin XCConfigurationList section */
		BFD006892475BD3C003003B0 /* Build configuration list for PBXProject "WordChallenge" */ = {
			isa = XCConfigurationList;
			buildConfigurations = (
				BFD006A02475BD3E003003B0 /* Debug */,
				BFD006A12475BD3E003003B0 /* Release */,
			);
			defaultConfigurationIsVisible = 0;
			defaultConfigurationName = Release;
		};
		BFD006A22475BD3E003003B0 /* Build configuration list for PBXNativeTarget "WordChallenge" */ = {
			isa = XCConfigurationList;
			buildConfigurations = (
				BFD006A32475BD3E003003B0 /* Debug */,
				BFD006A42475BD3E003003B0 /* Release */,
			);
			defaultConfigurationIsVisible = 0;
			defaultConfigurationName = Release;
		};
/* End XCConfigurationList section */
	};
	rootObject = BFD006862475BD3C003003B0 /* Project object */;
}
